
Microsoft Visual Studio Solution File, Format Version 12.00
# Visual Studio Version 17
VisualStudioVersion = 17.3.32901.215
MinimumVisualStudioVersion = 10.0.40219.1
Project("{9A19103F-16F7-4668-BE54-9A1E7A4F7556}") = "WeatherApp.Shared", "WeatherApp.Shared\WeatherApp.Shared.csproj", "{98620D59-655D-4680-995D-B4D2D0AB8E43}"
EndProject
Project("{9A19103F-16F7-4668-BE54-9A1E7A4F7556}") = "WeatherApp.FuncApi", "WeatherApp.FuncApi\WeatherApp.FuncApi.csproj", "{F259CDA7-FE30-42D5-8130-0A040FB8746A}"
EndProject
Global
	GlobalSection(SolutionConfigurationPlatforms) = preSolution
		Debug|Any CPU = Debug|Any CPU
		Release|Any CPU = Release|Any CPU
	EndGlobalSection
	GlobalSection(ProjectConfigurationPlatforms) = postSolution
		{98620D59-655D-4680-995D-B4D2D0AB8E43}.Debug|Any CPU.ActiveCfg = Debug|Any CPU
		{98620D59-655D-4680-995D-B4D2D0AB8E43}.Debug|Any CPU.Build.0 = Debug|Any CPU
		{98620D59-655D-4680-995D-B4D2D0AB8E43}.Release|Any CPU.ActiveCfg = Release|Any CPU
		{98620D59-655D-4680-995D-B4D2D0AB8E43}.Release|Any CPU.Build.0 = Release|Any CPU
		{F259CDA7-FE30-42D5-8130-0A040FB8746A}.Debug|Any CPU.ActiveCfg = Debug|Any CPU
		{F259CDA7-FE30-42D5-8130-0A040FB8746A}.Debug|Any CPU.Build.0 = Debug|Any CPU
		{F259CDA7-FE30-42D5-8130-0A040FB8746A}.Release|Any CPU.ActiveCfg = Release|Any CPU
		{F259CDA7-FE30-42D5-8130-0A040FB8746A}.Release|Any CPU.Build.0 = Release|Any CPU
	EndGlobalSection
	GlobalSection(SolutionProperties) = preSolution
		HideSolutionNode = FALSE
	EndGlobalSection
	GlobalSection(ExtensibilityGlobals) = postSolution
		SolutionGuid = {14316C15-7451-4A78-BB31-418056333B00}
	EndGlobalSection
EndGlobal
